
Microsoft Visual Studio Solution File, Format Version 12.00
# Visual Studio Version 16
VisualStudioVersion = 16.0.30621.155
MinimumVisualStudioVersion = 10.0.40219.1
Project("{FAE04EC0-301F-11D3-BF4B-00C04F79EFBC}") = "task4", "task4\task4.csproj", "{9A92D5CD-CB67-4837-9970-E07E8F6B6DB2}"
EndProject
Global
	GlobalSection(SolutionConfigurationPlatforms) = preSolution
		Debug|Any CPU = Debug|Any CPU
		Release|Any CPU = Release|Any CPU
	EndGlobalSection
	GlobalSection(ProjectConfigurationPlatforms) = postSolution
		{9A92D5CD-CB67-4837-9970-E07E8F6B6DB2}.Debug|Any CPU.ActiveCfg = Debug|Any CPU
		{9A92D5CD-CB67-4837-9970-E07E8F6B6DB2}.Debug|Any CPU.Build.0 = Debug|Any CPU
		{9A92D5CD-CB67-4837-9970-E07E8F6B6DB2}.Release|Any CPU.ActiveCfg = Release|Any CPU
		{9A92D5CD-CB67-4837-9970-E07E8F6B6DB2}.Release|Any CPU.Build.0 = Release|Any CPU
	EndGlobalSection
	GlobalSection(SolutionProperties) = preSolution
		HideSolutionNode = FALSE
	EndGlobalSection
	GlobalSection(ExtensibilityGlobals) = postSolution
		SolutionGuid = {0C8C5239-ADF7-4737-87FB-D5C65F00378E}
	EndGlobalSection
EndGlobal
